
Microsoft Visual Studio Solution File, Format Version 12.00
# Visual Studio 15
VisualStudioVersion = 15.0.28307.106
MinimumVisualStudioVersion = 10.0.40219.1
Project("{FAE04EC0-301F-11D3-BF4B-00C04F79EFBC}") = "XxlJob.Core", "XxlJob.Core\XxlJob.Core.csproj", "{A34A2DB9-77A3-43AF-852D-9E4E1F0F8887}"
EndProject
Project("{FAE04EC0-301F-11D3-BF4B-00C04F79EFBC}") = "SampleWeb", "SampleWeb\SampleWeb.csproj", "{EDFACEA5-7193-4191-8BC4-20F438C09B7C}"
EndProject
Project("{FAE04EC0-301F-11D3-BF4B-00C04F79EFBC}") = "XxlJob.Test", "XxlJob.Test\XxlJob.Test.csproj", "{4BD9E8D8-C9AD-4DB4-B3D5-E58E7574581F}"
EndProject
Project("{FAE04EC0-301F-11D3-BF4B-00C04F79EFBC}") = "XxlJob.WebApiHost", "XxlJob.WebApiHost\XxlJob.WebApiHost.csproj", "{F36395F9-FCDC-4D98-89C9-5A9B094F2E80}"
EndProject
Global
	GlobalSection(SolutionConfigurationPlatforms) = preSolution
		Debug|Any CPU = Debug|Any CPU
		Release|Any CPU = Release|Any CPU
	EndGlobalSection
	GlobalSection(ProjectConfigurationPlatforms) = postSolution
		{A34A2DB9-77A3-43AF-852D-9E4E1F0F8887}.Debug|Any CPU.ActiveCfg = Debug|Any CPU
		{A34A2DB9-77A3-43AF-852D-9E4E1F0F8887}.Debug|Any CPU.Build.0 = Debug|Any CPU
		{A34A2DB9-77A3-43AF-852D-9E4E1F0F8887}.Release|Any CPU.ActiveCfg = Release|Any CPU
		{A34A2DB9-77A3-43AF-852D-9E4E1F0F8887}.Release|Any CPU.Build.0 = Release|Any CPU
		{EDFACEA5-7193-4191-8BC4-20F438C09B7C}.Debug|Any CPU.ActiveCfg = Debug|Any CPU
		{EDFACEA5-7193-4191-8BC4-20F438C09B7C}.Debug|Any CPU.Build.0 = Debug|Any CPU
		{EDFACEA5-7193-4191-8BC4-20F438C09B7C}.Release|Any CPU.ActiveCfg = Release|Any CPU
		{EDFACEA5-7193-4191-8BC4-20F438C09B7C}.Release|Any CPU.Build.0 = Release|Any CPU
		{4BD9E8D8-C9AD-4DB4-B3D5-E58E7574581F}.Debug|Any CPU.ActiveCfg = Debug|Any CPU
		{4BD9E8D8-C9AD-4DB4-B3D5-E58E7574581F}.Debug|Any CPU.Build.0 = Debug|Any CPU
		{4BD9E8D8-C9AD-4DB4-B3D5-E58E7574581F}.Release|Any CPU.ActiveCfg = Release|Any CPU
		{4BD9E8D8-C9AD-4DB4-B3D5-E58E7574581F}.Release|Any CPU.Build.0 = Release|Any CPU
		{F36395F9-FCDC-4D98-89C9-5A9B094F2E80}.Debug|Any CPU.ActiveCfg = Debug|Any CPU
		{F36395F9-FCDC-4D98-89C9-5A9B094F2E80}.Debug|Any CPU.Build.0 = Debug|Any CPU
		{F36395F9-FCDC-4D98-89C9-5A9B094F2E80}.Release|Any CPU.ActiveCfg = Release|Any CPU
		{F36395F9-FCDC-4D98-89C9-5A9B094F2E80}.Release|Any CPU.Build.0 = Release|Any CPU
	EndGlobalSection
	GlobalSection(SolutionProperties) = preSolution
		HideSolutionNode = FALSE
	EndGlobalSection
	GlobalSection(ExtensibilityGlobals) = postSolution
		SolutionGuid = {EED62C0D-B8D6-4344-9ED4-1DE9D81B28DB}
	EndGlobalSection
EndGlobal
